// !$*UTF8*$!
{
	archiveVersion = 1;
	classes = {
	};
	objectVersion = 46;
	objects = {

/* Begin PBXBuildFile section */
		14B9DE214D26EFED851F643D /* Pods_TiaInterview.framework in Frameworks */ = {isa = PBXBuildFile; fileRef = FC2AF54F1E778082668B618A /* Pods_TiaInterview.framework */; };
		3A2EE470E3EACDAF3E50214D /* Pods_TiaInterviewUITests.framework in Frameworks */ = {isa = PBXBuildFile; fileRef = E2CBFAA94365FDC87747768C /* Pods_TiaInterviewUITests.framework */; };
		91A368546AB0C6FBC26A9D8C /* Pods_TiaInterviewTests.framework in Frameworks */ = {isa = PBXBuildFile; fileRef = F6A4CB6F2F6C61E9C253A3BF /* Pods_TiaInterviewTests.framework */; };
		ED6407B71F5840D700D59259 /* AppDelegate.swift in Sources */ = {isa = PBXBuildFile; fileRef = ED6407B61F5840D700D59259 /* AppDelegate.swift */; };
		ED6407BC1F5840D700D59259 /* Main.storyboard in Resources */ = {isa = PBXBuildFile; fileRef = ED6407BA1F5840D700D59259 /* Main.storyboard */; };
		ED6407BE1F5840D700D59259 /* Assets.xcassets in Resources */ = {isa = PBXBuildFile; fileRef = ED6407BD1F5840D700D59259 /* Assets.xcassets */; };
		ED6407C11F5840D700D59259 /* LaunchScreen.storyboard in Resources */ = {isa = PBXBuildFile; fileRef = ED6407BF1F5840D700D59259 /* LaunchScreen.storyboard */; };
		ED6407CC1F5840D800D59259 /* TiaInterviewTests.swift in Sources */ = {isa = PBXBuildFile; fileRef = ED6407CB1F5840D800D59259 /* TiaInterviewTests.swift */; };
		ED6407D71F5840D800D59259 /* TiaInterviewUITests.swift in Sources */ = {isa = PBXBuildFile; fileRef = ED6407D61F5840D800D59259 /* TiaInterviewUITests.swift */; };
		EDBA3F601F584CFC006AE354 /* GifCollectionViewCell.swift in Sources */ = {isa = PBXBuildFile; fileRef = EDBA3F5F1F584CFC006AE354 /* GifCollectionViewCell.swift */; };
		EDBA3F621F584DEC006AE354 /* GiphyGif.swift in Sources */ = {isa = PBXBuildFile; fileRef = EDBA3F611F584DEC006AE354 /* GiphyGif.swift */; };
		EDBA3F641F585572006AE354 /* Extensions.swift in Sources */ = {isa = PBXBuildFile; fileRef = EDBA3F631F585572006AE354 /* Extensions.swift */; };
		EDC9471F1F5846280050CF22 /* api.swift in Sources */ = {isa = PBXBuildFile; fileRef = EDC9471E1F5846280050CF22 /* api.swift */; };
		EDC947211F5846470050CF22 /* GiphDisplayViewController.swift in Sources */ = {isa = PBXBuildFile; fileRef = EDC947201F5846470050CF22 /* GiphDisplayViewController.swift */; };
/* End PBXBuildFile section */

/* Begin PBXContainerItemProxy section */
		ED6407C81F5840D800D59259 /* PBXContainerItemProxy */ = {
			isa = PBXContainerItemProxy;
			containerPortal = ED6407AB1F5840D700D59259 /* Project object */;
			proxyType = 1;
			remoteGlobalIDString = ED6407B21F5840D700D59259;
			remoteInfo = TiaInterview;
		};
		ED6407D31F5840D800D59259 /* PBXContainerItemProxy */ = {
			isa = PBXContainerItemProxy;
			containerPortal = ED6407AB1F5840D700D59259 /* Project object */;
			proxyType = 1;
			remoteGlobalIDString = ED6407B21F5840D700D59259;
			remoteInfo = TiaInterview;
		};
/* End PBXContainerItemProxy section */

/* Begin PBXFileReference section */
		2F4738AAA82E30D771D8C12C /* Pods-TiaInterviewTests.release.xcconfig */ = {isa = PBXFileReference; includeInIndex = 1; lastKnownFileType = text.xcconfig; name = "Pods-TiaInterviewTests.release.xcconfig"; path = "Pods/Target Support Files/Pods-TiaInterviewTests/Pods-TiaInterviewTests.release.xcconfig"; sourceTree = "<group>"; };
		47446934D4B0E8C3AD6C9479 /* Pods-TiaInterview.debug.xcconfig */ = {isa = PBXFileReference; includeInIndex = 1; lastKnownFileType = text.xcconfig; name = "Pods-TiaInterview.debug.xcconfig"; path = "Pods/Target Support Files/Pods-TiaInterview/Pods-TiaInterview.debug.xcconfig"; sourceTree = "<group>"; };
		B0F670AF5E5BDDB58AA91408 /* Pods-TiaInterviewUITests.debug.xcconfig */ = {isa = PBXFileReference; includeInIndex = 1; lastKnownFileType = text.xcconfig; name = "Pods-TiaInterviewUITests.debug.xcconfig"; path = "Pods/Target Support Files/Pods-TiaInterviewUITests/Pods-TiaInterviewUITests.debug.xcconfig"; sourceTree = "<group>"; };
		BF1382B4852991F8F72C94E6 /* Pods-TiaInterviewUITests.release.xcconfig */ = {isa = PBXFileReference; includeInIndex = 1; lastKnownFileType = text.xcconfig; name = "Pods-TiaInterviewUITests.release.xcconfig"; path = "Pods/Target Support Files/Pods-TiaInterviewUITests/Pods-TiaInterviewUITests.release.xcconfig"; sourceTree = "<group>"; };
		E1CDC77FA10E570E4D1981A5 /* Pods-TiaInterviewTests.debug.xcconfig */ = {isa = PBXFileReference; includeInIndex = 1; lastKnownFileType = text.xcconfig; name = "Pods-TiaInterviewTests.debug.xcconfig"; path = "Pods/Target Support Files/Pods-TiaInterviewTests/Pods-TiaInterviewTests.debug.xcconfig"; sourceTree = "<group>"; };
		E2CBFAA94365FDC87747768C /* Pods_TiaInterviewUITests.framework */ = {isa = PBXFileReference; explicitFileType = wrapper.framework; includeInIndex = 0; path = Pods_TiaInterviewUITests.framework; sourceTree = BUILT_PRODUCTS_DIR; };
		ED6407B31F5840D700D59259 /* TiaInterview.app */ = {isa = PBXFileReference; explicitFileType = wrapper.application; includeInIndex = 0; path = TiaInterview.app; sourceTree = BUILT_PRODUCTS_DIR; };
		ED6407B61F5840D700D59259 /* AppDelegate.swift */ = {isa = PBXFileReference; lastKnownFileType = sourcecode.swift; path = AppDelegate.swift; sourceTree = "<group>"; };
		ED6407BB1F5840D700D59259 /* Base */ = {isa = PBXFileReference; lastKnownFileType = file.storyboard; name = Base; path = Base.lproj/Main.storyboard; sourceTree = "<group>"; };
		ED6407BD1F5840D700D59259 /* Assets.xcassets */ = {isa = PBXFileReference; lastKnownFileType = folder.assetcatalog; path = Assets.xcassets; sourceTree = "<group>"; };
		ED6407C01F5840D700D59259 /* Base */ = {isa = PBXFileReference; lastKnownFileType = file.storyboard; name = Base; path = Base.lproj/LaunchScreen.storyboard; sourceTree = "<group>"; };
		ED6407C21F5840D700D59259 /* Info.plist */ = {isa = PBXFileReference; lastKnownFileType = text.plist.xml; path = Info.plist; sourceTree = "<group>"; };
		ED6407C71F5840D800D59259 /* TiaInterviewTests.xctest */ = {isa = PBXFileReference; explicitFileType = wrapper.cfbundle; includeInIndex = 0; path = TiaInterviewTests.xctest; sourceTree = BUILT_PRODUCTS_DIR; };
		ED6407CB1F5840D800D59259 /* TiaInterviewTests.swift */ = {isa = PBXFileReference; lastKnownFileType = sourcecode.swift; path = TiaInterviewTests.swift; sourceTree = "<group>"; };
		ED6407CD1F5840D800D59259 /* Info.plist */ = {isa = PBXFileReference; lastKnownFileType = text.plist.xml; path = Info.plist; sourceTree = "<group>"; };
		ED6407D21F5840D800D59259 /* TiaInterviewUITests.xctest */ = {isa = PBXFileReference; explicitFileType = wrapper.cfbundle; includeInIndex = 0; path = TiaInterviewUITests.xctest; sourceTree = BUILT_PRODUCTS_DIR; };
		ED6407D61F5840D800D59259 /* TiaInterviewUITests.swift */ = {isa = PBXFileReference; lastKnownFileType = sourcecode.swift; path = TiaInterviewUITests.swift; sourceTree = "<group>"; };
		ED6407D81F5840D800D59259 /* Info.plist */ = {isa = PBXFileReference; lastKnownFileType = text.plist.xml; path = Info.plist; sourceTree = "<group>"; };
		EDBA3F5F1F584CFC006AE354 /* GifCollectionViewCell.swift */ = {isa = PBXFileReference; fileEncoding = 4; lastKnownFileType = sourcecode.swift; path = GifCollectionViewCell.swift; sourceTree = "<group>"; };
		EDBA3F611F584DEC006AE354 /* GiphyGif.swift */ = {isa = PBXFileReference; fileEncoding = 4; lastKnownFileType = sourcecode.swift; path = GiphyGif.swift; sourceTree = "<group>"; };
		EDBA3F631F585572006AE354 /* Extensions.swift */ = {isa = PBXFileReference; fileEncoding = 4; lastKnownFileType = sourcecode.swift; path = Extensions.swift; sourceTree = "<group>"; };
		EDC9471E1F5846280050CF22 /* api.swift */ = {isa = PBXFileReference; fileEncoding = 4; lastKnownFileType = sourcecode.swift; path = api.swift; sourceTree = "<group>"; };
		EDC947201F5846470050CF22 /* GiphDisplayViewController.swift */ = {isa = PBXFileReference; fileEncoding = 4; lastKnownFileType = sourcecode.swift; path = GiphDisplayViewController.swift; sourceTree = "<group>"; };
		F6A4CB6F2F6C61E9C253A3BF /* Pods_TiaInterviewTests.framework */ = {isa = PBXFileReference; explicitFileType = wrapper.framework; includeInIndex = 0; path = Pods_TiaInterviewTests.framework; sourceTree = BUILT_PRODUCTS_DIR; };
		FC2AF54F1E778082668B618A /* Pods_TiaInterview.framework */ = {isa = PBXFileReference; explicitFileType = wrapper.framework; includeInIndex = 0; path = Pods_TiaInterview.framework; sourceTree = BUILT_PRODUCTS_DIR; };
		FE0ACBCAA5BD42EE79E05A74 /* Pods-TiaInterview.release.xcconfig */ = {isa = PBXFileReference; includeInIndex = 1; lastKnownFileType = text.xcconfig; name = "Pods-TiaInterview.release.xcconfig"; path = "Pods/Target Support Files/Pods-TiaInterview/Pods-TiaInterview.release.xcconfig"; sourceTree = "<group>"; };
/* End PBXFileReference section */

/* Begin PBXFrameworksBuildPhase section */
		ED6407B01F5840D700D59259 /* Frameworks */ = {
			isa = PBXFrameworksBuildPhase;
			buildActionMask = 2147483647;
			files = (
				14B9DE214D26EFED851F643D /* Pods_TiaInterview.framework in Frameworks */,
			);
			runOnlyForDeploymentPostprocessing = 0;
		};
		ED6407C41F5840D800D59259 /* Frameworks */ = {
			isa = PBXFrameworksBuildPhase;
			buildActionMask = 2147483647;
			files = (
				91A368546AB0C6FBC26A9D8C /* Pods_TiaInterviewTests.framework in Frameworks */,
			);
			runOnlyForDeploymentPostprocessing = 0;
		};
		ED6407CF1F5840D800D59259 /* Frameworks */ = {
			isa = PBXFrameworksBuildPhase;
			buildActionMask = 2147483647;
			files = (
				3A2EE470E3EACDAF3E50214D /* Pods_TiaInterviewUITests.framework in Frameworks */,
			);
			runOnlyForDeploymentPostprocessing = 0;
		};
/* End PBXFrameworksBuildPhase section */

/* Begin PBXGroup section */
		0E3793DD20D27CA1BD86D6B2 /* Frameworks */ = {
			isa = PBXGroup;
			children = (
				FC2AF54F1E778082668B618A /* Pods_TiaInterview.framework */,
				F6A4CB6F2F6C61E9C253A3BF /* Pods_TiaInterviewTests.framework */,
				E2CBFAA94365FDC87747768C /* Pods_TiaInterviewUITests.framework */,
			);
			name = Frameworks;
			sourceTree = "<group>";
		};
		38B5D9D6D37D6CB157C2C990 /* Pods */ = {
			isa = PBXGroup;
			children = (
				47446934D4B0E8C3AD6C9479 /* Pods-TiaInterview.debug.xcconfig */,
				FE0ACBCAA5BD42EE79E05A74 /* Pods-TiaInterview.release.xcconfig */,
				E1CDC77FA10E570E4D1981A5 /* Pods-TiaInterviewTests.debug.xcconfig */,
				2F4738AAA82E30D771D8C12C /* Pods-TiaInterviewTests.release.xcconfig */,
				B0F670AF5E5BDDB58AA91408 /* Pods-TiaInterviewUITests.debug.xcconfig */,
				BF1382B4852991F8F72C94E6 /* Pods-TiaInterviewUITests.release.xcconfig */,
			);
			name = Pods;
			sourceTree = "<group>";
		};
		ED6407AA1F5840D700D59259 = {
			isa = PBXGroup;
			children = (
				ED6407B51F5840D700D59259 /* TiaInterview */,
				ED6407CA1F5840D800D59259 /* TiaInterviewTests */,
				ED6407D51F5840D800D59259 /* TiaInterviewUITests */,
				ED6407B41F5840D700D59259 /* Products */,
				38B5D9D6D37D6CB157C2C990 /* Pods */,
				0E3793DD20D27CA1BD86D6B2 /* Frameworks */,
			);
			sourceTree = "<group>";
		};
		ED6407B41F5840D700D59259 /* Products */ = {
			isa = PBXGroup;
			children = (
				ED6407B31F5840D700D59259 /* TiaInterview.app */,
				ED6407C71F5840D800D59259 /* TiaInterviewTests.xctest */,
				ED6407D21F5840D800D59259 /* TiaInterviewUITests.xctest */,
			);
			name = Products;
			sourceTree = "<group>";
		};
		ED6407B51F5840D700D59259 /* TiaInterview */ = {
			isa = PBXGroup;
			children = (
				ED6407B61F5840D700D59259 /* AppDelegate.swift */,
				EDC9471E1F5846280050CF22 /* api.swift */,
				EDC947201F5846470050CF22 /* GiphDisplayViewController.swift */,
				EDBA3F5F1F584CFC006AE354 /* GifCollectionViewCell.swift */,
				EDBA3F611F584DEC006AE354 /* GiphyGif.swift */,
				EDBA3F631F585572006AE354 /* Extensions.swift */,
				ED6407BA1F5840D700D59259 /* Main.storyboard */,
				ED6407BD1F5840D700D59259 /* Assets.xcassets */,
				ED6407BF1F5840D700D59259 /* LaunchScreen.storyboard */,
				ED6407C21F5840D700D59259 /* Info.plist */,
			);
			path = TiaInterview;
			sourceTree = "<group>";
		};
		ED6407CA1F5840D800D59259 /* TiaInterviewTests */ = {
			isa = PBXGroup;
			children = (
				ED6407CB1F5840D800D59259 /* TiaInterviewTests.swift */,
				ED6407CD1F5840D800D59259 /* Info.plist */,
			);
			path = TiaInterviewTests;
			sourceTree = "<group>";
		};
		ED6407D51F5840D800D59259 /* TiaInterviewUITests */ = {
			isa = PBXGroup;
			children = (
				ED6407D61F5840D800D59259 /* TiaInterviewUITests.swift */,
				ED6407D81F5840D800D59259 /* Info.plist */,
			);
			path = TiaInterviewUITests;
			sourceTree = "<group>";
		};
/* End PBXGroup section */

/* Begin PBXNativeTarget section */
		ED6407B21F5840D700D59259 /* TiaInterview */ = {
			isa = PBXNativeTarget;
			buildConfigurationList = ED6407DB1F5840D800D59259 /* Build configuration list for PBXNativeTarget "TiaInterview" */;
			buildPhases = (
				76678381D6F35EC65CE7739F /* [CP] Check Pods Manifest.lock */,
				ED6407AF1F5840D700D59259 /* Sources */,
				ED6407B01F5840D700D59259 /* Frameworks */,
				ED6407B11F5840D700D59259 /* Resources */,
				B7DF5545676A3DBE7EB790A8 /* [CP] Embed Pods Frameworks */,
				A3EA7CB04FA11D5EBD1CA823 /* [CP] Copy Pods Resources */,
			);
			buildRules = (
			);
			dependencies = (
			);
			name = TiaInterview;
			productName = TiaInterview;
			productReference = ED6407B31F5840D700D59259 /* TiaInterview.app */;
			productType = "com.apple.product-type.application";
		};
		ED6407C61F5840D800D59259 /* TiaInterviewTests */ = {
			isa = PBXNativeTarget;
			buildConfigurationList = ED6407DE1F5840D800D59259 /* Build configuration list for PBXNativeTarget "TiaInterviewTests" */;
			buildPhases = (
				4ED26737381547431D086142 /* [CP] Check Pods Manifest.lock */,
				ED6407C31F5840D800D59259 /* Sources */,
				ED6407C41F5840D800D59259 /* Frameworks */,
				ED6407C51F5840D800D59259 /* Resources */,
				25AC3B2821D18829AF73446B /* [CP] Embed Pods Frameworks */,
				81FE3C00209C873E54CC280E /* [CP] Copy Pods Resources */,
			);
			buildRules = (
			);
			dependencies = (
				ED6407C91F5840D800D59259 /* PBXTargetDependency */,
			);
			name = TiaInterviewTests;
			productName = TiaInterviewTests;
			productReference = ED6407C71F5840D800D59259 /* TiaInterviewTests.xctest */;
			productType = "com.apple.product-type.bundle.unit-test";
		};
		ED6407D11F5840D800D59259 /* TiaInterviewUITests */ = {
			isa = PBXNativeTarget;
			buildConfigurationList = ED6407E11F5840D800D59259 /* Build configuration list for PBXNativeTarget "TiaInterviewUITests" */;
			buildPhases = (
				EC9766FDE32D6B93AB4ABBF2 /* [CP] Check Pods Manifest.lock */,
				ED6407CE1F5840D800D59259 /* Sources */,
				ED6407CF1F5840D800D59259 /* Frameworks */,
				ED6407D01F5840D800D59259 /* Resources */,
				8D178757EE1ACE89D7CCF735 /* [CP] Copy Pods Resources */,
			);
			buildRules = (
			);
			dependencies = (
				ED6407D41F5840D800D59259 /* PBXTargetDependency */,
			);
			name = TiaInterviewUITests;
			productName = TiaInterviewUITests;
			productReference = ED6407D21F5840D800D59259 /* TiaInterviewUITests.xctest */;
			productType = "com.apple.product-type.bundle.ui-testing";
		};
/* End PBXNativeTarget section */

/* Begin PBXProject section */
		ED6407AB1F5840D700D59259 /* Project object */ = {
			isa = PBXProject;
			attributes = {
				LastSwiftUpdateCheck = 0830;
				LastUpgradeCheck = 0830;
				ORGANIZATIONNAME = "Joseph Richardson";
				TargetAttributes = {
					ED6407B21F5840D700D59259 = {
						CreatedOnToolsVersion = 8.3.3;
						DevelopmentTeam = FBKYGP3PMY;
						LastSwiftMigration = 0830;
						ProvisioningStyle = Automatic;
					};
					ED6407C61F5840D800D59259 = {
						CreatedOnToolsVersion = 8.3.3;
						DevelopmentTeam = FBKYGP3PMY;
						LastSwiftMigration = 0830;
						ProvisioningStyle = Automatic;
						TestTargetID = ED6407B21F5840D700D59259;
					};
					ED6407D11F5840D800D59259 = {
						CreatedOnToolsVersion = 8.3.3;
						DevelopmentTeam = FBKYGP3PMY;
						LastSwiftMigration = 0830;
						ProvisioningStyle = Automatic;
						TestTargetID = ED6407B21F5840D700D59259;
					};
				};
			};
			buildConfigurationList = ED6407AE1F5840D700D59259 /* Build configuration list for PBXProject "TiaInterview" */;
			compatibilityVersion = "Xcode 3.2";
			developmentRegion = English;
			hasScannedForEncodings = 0;
			knownRegions = (
				en,
				Base,
			);
			mainGroup = ED6407AA1F5840D700D59259;
			productRefGroup = ED6407B41F5840D700D59259 /* Products */;
			projectDirPath = "";
			projectRoot = "";
			targets = (
				ED6407B21F5840D700D59259 /* TiaInterview */,
				ED6407C61F5840D800D59259 /* TiaInterviewTests */,
				ED6407D11F5840D800D59259 /* TiaInterviewUITests */,
			);
		};
/* End PBXProject section */

/* Begin PBXResourcesBuildPhase section */
		ED6407B11F5840D700D59259 /* Resources */ = {
			isa = PBXResourcesBuildPhase;
			buildActionMask = 2147483647;
			files = (
				ED6407C11F5840D700D59259 /* LaunchScreen.storyboard in Resources */,
				ED6407BE1F5840D700D59259 /* Assets.xcassets in Resources */,
				ED6407BC1F5840D700D59259 /* Main.storyboard in Resources */,
			);
			runOnlyForDeploymentPostprocessing = 0;
		};
		ED6407C51F5840D800D59259 /* Resources */ = {
			isa = PBXResourcesBuildPhase;
			buildActionMask = 2147483647;
			files = (
			);
			runOnlyForDeploymentPostprocessing = 0;
		};
		ED6407D01F5840D800D59259 /* Resources */ = {
			isa = PBXResourcesBuildPhase;
			buildActionMask = 2147483647;
			files = (
			);
			runOnlyForDeploymentPostprocessing = 0;
		};
/* End PBXResourcesBuildPhase section */

/* Begin PBXShellScriptBuildPhase section */
		25AC3B2821D18829AF73446B /* [CP] Embed Pods Frameworks */ = {
			isa = PBXShellScriptBuildPhase;
			buildActionMask = 2147483647;
			files = (
			);
			inputPaths = (
			);
			name = "[CP] Embed Pods Frameworks";
			outputPaths = (
			);
			runOnlyForDeploymentPostprocessing = 0;
			shellPath = /bin/sh;
			shellScript = "\"${SRCROOT}/Pods/Target Support Files/Pods-TiaInterviewTests/Pods-TiaInterviewTests-frameworks.sh\"\n";
			showEnvVarsInLog = 0;
		};
		4ED26737381547431D086142 /* [CP] Check Pods Manifest.lock */ = {
			isa = PBXShellScriptBuildPhase;
			buildActionMask = 2147483647;
			files = (
			);
			inputPaths = (
			);
			name = "[CP] Check Pods Manifest.lock";
			outputPaths = (
			);
			runOnlyForDeploymentPostprocessing = 0;
			shellPath = /bin/sh;
			shellScript = "diff \"${PODS_ROOT}/../Podfile.lock\" \"${PODS_ROOT}/Manifest.lock\" > /dev/null\nif [[ $? != 0 ]] ; then\n    cat << EOM\nerror: The sandbox is not in sync with the Podfile.lock. Run 'pod install' or update your CocoaPods installation.\nEOM\n    exit 1\nfi\n";
			showEnvVarsInLog = 0;
		};
		76678381D6F35EC65CE7739F /* [CP] Check Pods Manifest.lock */ = {
			isa = PBXShellScriptBuildPhase;
			buildActionMask = 2147483647;
			files = (
			);
			inputPaths = (
			);
			name = "[CP] Check Pods Manifest.lock";
			outputPaths = (
			);
			runOnlyForDeploymentPostprocessing = 0;
			shellPath = /bin/sh;
			shellScript = "diff \"${PODS_ROOT}/../Podfile.lock\" \"${PODS_ROOT}/Manifest.lock\" > /dev/null\nif [[ $? != 0 ]] ; then\n    cat << EOM\nerror: The sandbox is not in sync with the Podfile.lock. Run 'pod install' or update your CocoaPods installation.\nEOM\n    exit 1\nfi\n";
			showEnvVarsInLog = 0;
		};
		81FE3C00209C873E54CC280E /* [CP] Copy Pods Resources */ = {
			isa = PBXShellScriptBuildPhase;
			buildActionMask = 2147483647;
			files = (
			);
			inputPaths = (
			);
			name = "[CP] Copy Pods Resources";
			outputPaths = (
			);
			runOnlyForDeploymentPostprocessing = 0;
			shellPath = /bin/sh;
			shellScript = "\"${SRCROOT}/Pods/Target Support Files/Pods-TiaInterviewTests/Pods-TiaInterviewTests-resources.sh\"\n";
			showEnvVarsInLog = 0;
		};
		8D178757EE1ACE89D7CCF735 /* [CP] Copy Pods Resources */ = {
			isa = PBXShellScriptBuildPhase;
			buildActionMask = 2147483647;
			files = (
			);
			inputPaths = (
			);
			name = "[CP] Copy Pods Resources";
			outputPaths = (
			);
			runOnlyForDeploymentPostprocessing = 0;
			shellPath = /bin/sh;
			shellScript = "\"${SRCROOT}/Pods/Target Support Files/Pods-TiaInterviewUITests/Pods-TiaInterviewUITests-resources.sh\"\n";
			showEnvVarsInLog = 0;
		};
		A3EA7CB04FA11D5EBD1CA823 /* [CP] Copy Pods Resources */ = {
			isa = PBXShellScriptBuildPhase;
			buildActionMask = 2147483647;
			files = (
			);
			inputPaths = (
			);
			name = "[CP] Copy Pods Resources";
			outputPaths = (
			);
			runOnlyForDeploymentPostprocessing = 0;
			shellPath = /bin/sh;
			shellScript = "\"${SRCROOT}/Pods/Target Support Files/Pods-TiaInterview/Pods-TiaInterview-resources.sh\"\n";
			showEnvVarsInLog = 0;
		};
		B7DF5545676A3DBE7EB790A8 /* [CP] Embed Pods Frameworks */ = {
			isa = PBXShellScriptBuildPhase;
			buildActionMask = 2147483647;
			files = (
			);
			inputPaths = (
			);
			name = "[CP] Embed Pods Frameworks";
			outputPaths = (
			);
			runOnlyForDeploymentPostprocessing = 0;
			shellPath = /bin/sh;
			shellScript = "\"${SRCROOT}/Pods/Target Support Files/Pods-TiaInterview/Pods-TiaInterview-frameworks.sh\"\n";
			showEnvVarsInLog = 0;
		};
		EC9766FDE32D6B93AB4ABBF2 /* [CP] Check Pods Manifest.lock */ = {
			isa = PBXShellScriptBuildPhase;
			buildActionMask = 2147483647;
			files = (
			);
			inputPaths = (
			);
			name = "[CP] Check Pods Manifest.lock";
			outputPaths = (
			);
			runOnlyForDeploymentPostprocessing = 0;
			shellPath = /bin/sh;
			shellScript = "diff \"${PODS_ROOT}/../Podfile.lock\" \"${PODS_ROOT}/Manifest.lock\" > /dev/null\nif [[ $? != 0 ]] ; then\n    cat << EOM\nerror: The sandbox is not in sync with the Podfile.lock. Run 'pod install' or update your CocoaPods installation.\nEOM\n    exit 1\nfi\n";
			showEnvVarsInLog = 0;
		};
/* End PBXShellScriptBuildPhase section */

/* Begin PBXSourcesBuildPhase section */
		ED6407AF1F5840D700D59259 /* Sources */ = {
			isa = PBXSourcesBuildPhase;
			buildActionMask = 2147483647;
			files = (
				EDC9471F1F5846280050CF22 /* api.swift in Sources */,
				EDBA3F641F585572006AE354 /* Extensions.swift in Sources */,
				EDC947211F5846470050CF22 /* GiphDisplayViewController.swift in Sources */,
				ED6407B71F5840D700D59259 /* AppDelegate.swift in Sources */,
				EDBA3F601F584CFC006AE354 /* GifCollectionViewCell.swift in Sources */,
				EDBA3F621F584DEC006AE354 /* GiphyGif.swift in Sources */,
			);
			runOnlyForDeploymentPostprocessing = 0;
		};
		ED6407C31F5840D800D59259 /* Sources */ = {
			isa = PBXSourcesBuildPhase;
			buildActionMask = 2147483647;
			files = (
				ED6407CC1F5840D800D59259 /* TiaInterviewTests.swift in Sources */,
			);
			runOnlyForDeploymentPostprocessing = 0;
		};
		ED6407CE1F5840D800D59259 /* Sources */ = {
			isa = PBXSourcesBuildPhase;
			buildActionMask = 2147483647;
			files = (
				ED6407D71F5840D800D59259 /* TiaInterviewUITests.swift in Sources */,
			);
			runOnlyForDeploymentPostprocessing = 0;
		};
/* End PBXSourcesBuildPhase section */

/* Begin PBXTargetDependency section */
		ED6407C91F5840D800D59259 /* PBXTargetDependency */ = {
			isa = PBXTargetDependency;
			target = ED6407B21F5840D700D59259 /* TiaInterview */;
			targetProxy = ED6407C81F5840D800D59259 /* PBXContainerItemProxy */;
		};
		ED6407D41F5840D800D59259 /* PBXTargetDependency */ = {
			isa = PBXTargetDependency;
			target = ED6407B21F5840D700D59259 /* TiaInterview */;
			targetProxy = ED6407D31F5840D800D59259 /* PBXContainerItemProxy */;
		};
/* End PBXTargetDependency section */

/* Begin PBXVariantGroup section */
		ED6407BA1F5840D700D59259 /* Main.storyboard */ = {
			isa = PBXVariantGroup;
			children = (
				ED6407BB1F5840D700D59259 /* Base */,
			);
			name = Main.storyboard;
			sourceTree = "<group>";
		};
		ED6407BF1F5840D700D59259 /* LaunchScreen.storyboard */ = {
			isa = PBXVariantGroup;
			children = (
				ED6407C01F5840D700D59259 /* Base */,
			);
			name = LaunchScreen.storyboard;
			sourceTree = "<group>";
		};
/* End PBXVariantGroup section */

/* Begin XCBuildConfiguration section */
		ED6407D91F5840D800D59259 /* Debug */ = {
			isa = XCBuildConfiguration;
			buildSettings = {
				ALWAYS_SEARCH_USER_PATHS = NO;
				CLANG_ANALYZER_NONNULL = YES;
				CLANG_ANALYZER_NUMBER_OBJECT_CONVERSION = YES_AGGRESSIVE;
				CLANG_CXX_LANGUAGE_STANDARD = "gnu++0x";
				CLANG_CXX_LIBRARY = "libc++";
				CLANG_ENABLE_MODULES = YES;
				CLANG_ENABLE_OBJC_ARC = YES;
				CLANG_WARN_BOOL_CONVERSION = YES;
				CLANG_WARN_CONSTANT_CONVERSION = YES;
				CLANG_WARN_DIRECT_OBJC_ISA_USAGE = YES_ERROR;
				CLANG_WARN_DOCUMENTATION_COMMENTS = YES;
				CLANG_WARN_EMPTY_BODY = YES;
				CLANG_WARN_ENUM_CONVERSION = YES;
				CLANG_WARN_INFINITE_RECURSION = YES;
				CLANG_WARN_INT_CONVERSION = YES;
				CLANG_WARN_OBJC_ROOT_CLASS = YES_ERROR;
				CLANG_WARN_SUSPICIOUS_MOVE = YES;
				CLANG_WARN_UNREACHABLE_CODE = YES;
				CLANG_WARN__DUPLICATE_METHOD_MATCH = YES;
				"CODE_SIGN_IDENTITY[sdk=iphoneos*]" = "iPhone Developer";
				COPY_PHASE_STRIP = NO;
				DEBUG_INFORMATION_FORMAT = dwarf;
				ENABLE_STRICT_OBJC_MSGSEND = YES;
				ENABLE_TESTABILITY = YES;
				GCC_C_LANGUAGE_STANDARD = gnu99;
				GCC_DYNAMIC_NO_PIC = NO;
				GCC_NO_COMMON_BLOCKS = YES;
				GCC_OPTIMIZATION_LEVEL = 0;
				GCC_PREPROCESSOR_DEFINITIONS = (
					"DEBUG=1",
					"$(inherited)",
				);
				GCC_WARN_64_TO_32_BIT_CONVERSION = YES;
				GCC_WARN_ABOUT_RETURN_TYPE = YES_ERROR;
				GCC_WARN_UNDECLARED_SELECTOR = YES;
				GCC_WARN_UNINITIALIZED_AUTOS = YES_AGGRESSIVE;
				GCC_WARN_UNUSED_FUNCTION = YES;
				GCC_WARN_UNUSED_VARIABLE = YES;
				IPHONEOS_DEPLOYMENT_TARGET = 10.3;
				MTL_ENABLE_DEBUG_INFO = YES;
				ONLY_ACTIVE_ARCH = YES;
				SDKROOT = iphoneos;
				SWIFT_ACTIVE_COMPILATION_CONDITIONS = DEBUG;
				SWIFT_OPTIMIZATION_LEVEL = "-Onone";
				TARGETED_DEVICE_FAMILY = "1,2";
			};
			name = Debug;
		};
		ED6407DA1F5840D800D59259 /* Release */ = {
			isa = XCBuildConfiguration;
			buildSettings = {
				ALWAYS_SEARCH_USER_PATHS = NO;
				CLANG_ANALYZER_NONNULL = YES;
				CLANG_ANALYZER_NUMBER_OBJECT_CONVERSION = YES_AGGRESSIVE;
				CLANG_CXX_LANGUAGE_STANDARD = "gnu++0x";
				CLANG_CXX_LIBRARY = "libc++";
				CLANG_ENABLE_MODULES = YES;
				CLANG_ENABLE_OBJC_ARC = YES;
				CLANG_WARN_BOOL_CONVERSION = YES;
				CLANG_WARN_CONSTANT_CONVERSION = YES;
				CLANG_WARN_DIRECT_OBJC_ISA_USAGE = YES_ERROR;
				CLANG_WARN_DOCUMENTATION_COMMENTS = YES;
				CLANG_WARN_EMPTY_BODY = YES;
				CLANG_WARN_ENUM_CONVERSION = YES;
				CLANG_WARN_INFINITE_RECURSION = YES;
				CLANG_WARN_INT_CONVERSION = YES;
				CLANG_WARN_OBJC_ROOT_CLASS = YES_ERROR;
				CLANG_WARN_SUSPICIOUS_MOVE = YES;
				CLANG_WARN_UNREACHABLE_CODE = YES;
				CLANG_WARN__DUPLICATE_METHOD_MATCH = YES;
				"CODE_SIGN_IDENTITY[sdk=iphoneos*]" = "iPhone Developer";
				COPY_PHASE_STRIP = NO;
				DEBUG_INFORMATION_FORMAT = "dwarf-with-dsym";
				ENABLE_NS_ASSERTIONS = NO;
				ENABLE_STRICT_OBJC_MSGSEND = YES;
				GCC_C_LANGUAGE_STANDARD = gnu99;
				GCC_NO_COMMON_BLOCKS = YES;
				GCC_WARN_64_TO_32_BIT_CONVERSION = YES;
				GCC_WARN_ABOUT_RETURN_TYPE = YES_ERROR;
				GCC_WARN_UNDECLARED_SELECTOR = YES;
				GCC_WARN_UNINITIALIZED_AUTOS = YES_AGGRESSIVE;
				GCC_WARN_UNUSED_FUNCTION = YES;
				GCC_WARN_UNUSED_VARIABLE = YES;
				IPHONEOS_DEPLOYMENT_TARGET = 10.3;
				MTL_ENABLE_DEBUG_INFO = NO;
				SDKROOT = iphoneos;
				SWIFT_OPTIMIZATION_LEVEL = "-Owholemodule";
				TARGETED_DEVICE_FAMILY = "1,2";
				VALIDATE_PRODUCT = YES;
			};
			name = Release;
		};
		ED6407DC1F5840D800D59259 /* Debug */ = {
			isa = XCBuildConfiguration;
			baseConfigurationReference = 47446934D4B0E8C3AD6C9479 /* Pods-TiaInterview.debug.xcconfig */;
			buildSettings = {
				ASSETCATALOG_COMPILER_APPICON_NAME = AppIcon;
				DEVELOPMENT_TEAM = FBKYGP3PMY;
				INFOPLIST_FILE = TiaInterview/Info.plist;
				LD_RUNPATH_SEARCH_PATHS = "$(inherited) @executable_path/Frameworks";
				PRODUCT_BUNDLE_IDENTIFIER = jmstudios.TiaInterview;
				PRODUCT_NAME = "$(TARGET_NAME)";
				SWIFT_VERSION = 3.0;
			};
			name = Debug;
		};
		ED6407DD1F5840D800D59259 /* Release */ = {
			isa = XCBuildConfiguration;
			baseConfigurationReference = FE0ACBCAA5BD42EE79E05A74 /* Pods-TiaInterview.release.xcconfig */;
			buildSettings = {
				ASSETCATALOG_COMPILER_APPICON_NAME = AppIcon;
				DEVELOPMENT_TEAM = FBKYGP3PMY;
				INFOPLIST_FILE = TiaInterview/Info.plist;
				LD_RUNPATH_SEARCH_PATHS = "$(inherited) @executable_path/Frameworks";
				PRODUCT_BUNDLE_IDENTIFIER = jmstudios.TiaInterview;
				PRODUCT_NAME = "$(TARGET_NAME)";
				SWIFT_VERSION = 3.0;
			};
			name = Release;
		};
		ED6407DF1F5840D800D59259 /* Debug */ = {
			isa = XCBuildConfiguration;
			baseConfigurationReference = E1CDC77FA10E570E4D1981A5 /* Pods-TiaInterviewTests.debug.xcconfig */;
			buildSettings = {
				ALWAYS_EMBED_SWIFT_STANDARD_LIBRARIES = YES;
				BUNDLE_LOADER = "$(TEST_HOST)";
				DEVELOPMENT_TEAM = FBKYGP3PMY;
				INFOPLIST_FILE = TiaInterviewTests/Info.plist;
				LD_RUNPATH_SEARCH_PATHS = "$(inherited) @executable_path/Frameworks @loader_path/Frameworks";
				PRODUCT_BUNDLE_IDENTIFIER = jmstudios.TiaInterviewTests;
				PRODUCT_NAME = "$(TARGET_NAME)";
				SWIFT_VERSION = 3.0;
				TEST_HOST = "$(BUILT_PRODUCTS_DIR)/TiaInterview.app/TiaInterview";
			};
			name = Debug;
		};
		ED6407E01F5840D800D59259 /* Release */ = {
			isa = XCBuildConfiguration;
			baseConfigurationReference = 2F4738AAA82E30D771D8C12C /* Pods-TiaInterviewTests.release.xcconfig */;
			buildSettings = {
				ALWAYS_EMBED_SWIFT_STANDARD_LIBRARIES = YES;
				BUNDLE_LOADER = "$(TEST_HOST)";
				DEVELOPMENT_TEAM = FBKYGP3PMY;
				INFOPLIST_FILE = TiaInterviewTests/Info.plist;
				LD_RUNPATH_SEARCH_PATHS = "$(inherited) @executable_path/Frameworks @loader_path/Frameworks";
				PRODUCT_BUNDLE_IDENTIFIER = jmstudios.TiaInterviewTests;
				PRODUCT_NAME = "$(TARGET_NAME)";
				SWIFT_VERSION = 3.0;
				TEST_HOST = "$(BUILT_PRODUCTS_DIR)/TiaInterview.app/TiaInterview";
			};
			name = Release;
		};
		ED6407E21F5840D800D59259 /* Debug */ = {
			isa = XCBuildConfiguration;
			baseConfigurationReference = B0F670AF5E5BDDB58AA91408 /* Pods-TiaInterviewUITests.debug.xcconfig */;
			buildSettings = {
				ALWAYS_EMBED_SWIFT_STANDARD_LIBRARIES = YES;
				DEVELOPMENT_TEAM = FBKYGP3PMY;
				INFOPLIST_FILE = TiaInterviewUITests/Info.plist;
				LD_RUNPATH_SEARCH_PATHS = "$(inherited) @executable_path/Frameworks @loader_path/Frameworks";
				PRODUCT_BUNDLE_IDENTIFIER = jmstudios.TiaInterviewUITests;
				PRODUCT_NAME = "$(TARGET_NAME)";
				SWIFT_VERSION = 3.0;
				TEST_TARGET_NAME = TiaInterview;
			};
			name = Debug;
		};
		ED6407E31F5840D800D59259 /* Release */ = {
			isa = XCBuildConfiguration;
			baseConfigurationReference = BF1382B4852991F8F72C94E6 /* Pods-TiaInterviewUITests.release.xcconfig */;
			buildSettings = {
				ALWAYS_EMBED_SWIFT_STANDARD_LIBRARIES = YES;
				DEVELOPMENT_TEAM = FBKYGP3PMY;
				INFOPLIST_FILE = TiaInterviewUITests/Info.plist;
				LD_RUNPATH_SEARCH_PATHS = "$(inherited) @executable_path/Frameworks @loader_path/Frameworks";
				PRODUCT_BUNDLE_IDENTIFIER = jmstudios.TiaInterviewUITests;
				PRODUCT_NAME = "$(TARGET_NAME)";
				SWIFT_VERSION = 3.0;
				TEST_TARGET_NAME = TiaInterview;
			};
			name = Release;
		};
/* End XCBuildConfiguration section */

/* Begin XCConfigurationList section */
		ED6407AE1F5840D700D59259 /* Build configuration list for PBXProject "TiaInterview" */ = {
			isa = XCConfigurationList;
			buildConfigurations = (
				ED6407D91F5840D800D59259 /* Debug */,
				ED6407DA1F5840D800D59259 /* Release */,
			);
			defaultConfigurationIsVisible = 0;
			defaultConfigurationName = Release;
		};
		ED6407DB1F5840D800D59259 /* Build configuration list for PBXNativeTarget "TiaInterview" */ = {
			isa = XCConfigurationList;
			buildConfigurations = (
				ED6407DC1F5840D800D59259 /* Debug */,
				ED6407DD1F5840D800D59259 /* Release */,
			);
			defaultConfigurationIsVisible = 0;
			defaultConfigurationName = Release;
		};
		ED6407DE1F5840D800D59259 /* Build configuration list for PBXNativeTarget "TiaInterviewTests" */ = {
			isa = XCConfigurationList;
			buildConfigurations = (
				ED6407DF1F5840D800D59259 /* Debug */,
				ED6407E01F5840D800D59259 /* Release */,
			);
			defaultConfigurationIsVisible = 0;
			defaultConfigurationName = Release;
		};
		ED6407E11F5840D800D59259 /* Build configuration list for PBXNativeTarget "TiaInterviewUITests" */ = {
			isa = XCConfigurationList;
			buildConfigurations = (
				ED6407E21F5840D800D59259 /* Debug */,
				ED6407E31F5840D800D59259 /* Release */,
			);
			defaultConfigurationIsVisible = 0;
			defaultConfigurationName = Release;
		};
/* End XCConfigurationList section */
	};
	rootObject = ED6407AB1F5840D700D59259 /* Project object */;
}
